# THIS IS AN AUTOGENERATED FILE. DO NOT EDIT THIS FILE DIRECTLY.
# yarn lockfile v1


"@types/prop-types@*":
  version "15.7.3"
  resolved "https://registry.yarnpkg.com/@types/prop-types/-/prop-types-15.7.3.tgz#2ab0d5da2e5815f94b0b9d4b95d1e5f243ab2ca7"
  integrity sha512-KfRL3PuHmqQLOG+2tGpRO26Ctg+Cq1E01D2DMriKEATHgWLfeNDmq9e29Q9WIky0dQ3NPkd1mzYH8Lm936Z9qw==

"@types/react-native@^0.60.21":
  version "0.60.21"
  resolved "https://registry.yarnpkg.com/@types/react-native/-/react-native-0.60.21.tgz#81a41cae7b232f52ab3983d854f4a0b0df79531e"
  integrity sha512-E7F+P/UG4Utu+kh8Hy544i0m4CzpHw1awNX6hVfkhlu4mXSlAn6KLZzKEkPBbHm7g1kspmZTiuP23HAKZpASPw==
  dependencies:
    "@types/prop-types" "*"
    "@types/react" "*"

"@types/react@*", "@types/react@^16.9.11":
  version "16.9.11"
  resolved "https://registry.yarnpkg.com/@types/react/-/react-16.9.11.tgz#70e0b7ad79058a7842f25ccf2999807076ada120"
  integrity sha512-UBT4GZ3PokTXSWmdgC/GeCGEJXE5ofWyibCcecRLUVN2ZBpXQGVgQGtG2foS7CrTKFKlQVVswLvf7Js6XA/CVQ==
  dependencies:
    "@types/prop-types" "*"
    csstype "^2.2.0"

csstype@^2.2.0:
  version "2.6.7"
  resolved "https://registry.yarnpkg.com/csstype/-/csstype-2.6.7.tgz#20b0024c20b6718f4eda3853a1f5a1cce7f5e4a5"
  integrity sha512-9Mcn9sFbGBAdmimWb2gLVDtFJzeKtDGIr76TUqmjZrw9LFXBMSU70lcs+C0/7fyCd6iBDqmksUcCOUIkisPHsQ==

typescript@^3.6.4:
  version "3.6.4"
  resolved "https://registry.yarnpkg.com/typescript/-/typescript-3.6.4.tgz#b18752bb3792bc1a0281335f7f6ebf1bbfc5b91d"
  integrity sha512-unoCll1+l+YK4i4F8f22TaNVPRHcD9PA3yCuZ8g5e0qGqlVlJ/8FSateOLLSagn+Yg5+ZwuPkL8LFUc0Jcvksg==
